
Microsoft Visual Studio Solution File, Format Version 12.00
# Visual Studio Version 17
VisualStudioVersion = 17.11.35208.52
MinimumVisualStudioVersion = 10.0.40219.1
Project("{9A19103F-16F7-4668-BE54-9A1E7A4F7556}") = "BootcampCapstone", "BootcampCapstone\BootcampCapstone.csproj", "{AB3413CA-A154-4EE8-9B72-7F785E7DC221}"
EndProject
Project("{9A19103F-16F7-4668-BE54-9A1E7A4F7556}") = "DomainLayer", "DomainLayer\DomainLayer.csproj", "{664794DE-A457-4BB3-8E78-9226F3CBB7FC}"
EndProject
Project("{9A19103F-16F7-4668-BE54-9A1E7A4F7556}") = "RepositoryLayer", "RepositoryLayer\RepositoryLayer.csproj", "{2674388D-62B4-46E8-96AD-E1DF2CB32A49}"
EndProject
Project("{9A19103F-16F7-4668-BE54-9A1E7A4F7556}") = "ServiceLayer", "ServiceLayer\ServiceLayer.csproj", "{DD4BFC87-A84C-4B71-9444-BB063AC3DE1F}"
EndProject
Project("{FAE04EC0-301F-11D3-BF4B-00C04F79EFBC}") = "BootcampCapstoneTests", "BootcampCapstoneTests\BootcampCapstoneTests.csproj", "{8FDE12F3-77E7-413A-BCA8-6FDCBDE4696B}"
EndProject
Project("{FAE04EC0-301F-11D3-BF4B-00C04F79EFBC}") = "ServiceLayerTests", "ServiceLayerTests.cs\ServiceLayerTests.csproj", "{FF576B41-754E-4F72-9FF3-9B0A2D6FD836}"
EndProject
Global
	GlobalSection(SolutionConfigurationPlatforms) = preSolution
		Debug|Any CPU = Debug|Any CPU
		Release|Any CPU = Release|Any CPU
	EndGlobalSection
	GlobalSection(ProjectConfigurationPlatforms) = postSolution
		{AB3413CA-A154-4EE8-9B72-7F785E7DC221}.Debug|Any CPU.ActiveCfg = Debug|Any CPU
		{AB3413CA-A154-4EE8-9B72-7F785E7DC221}.Debug|Any CPU.Build.0 = Debug|Any CPU
		{AB3413CA-A154-4EE8-9B72-7F785E7DC221}.Release|Any CPU.ActiveCfg = Release|Any CPU
		{AB3413CA-A154-4EE8-9B72-7F785E7DC221}.Release|Any CPU.Build.0 = Release|Any CPU
		{664794DE-A457-4BB3-8E78-9226F3CBB7FC}.Debug|Any CPU.ActiveCfg = Debug|Any CPU
		{664794DE-A457-4BB3-8E78-9226F3CBB7FC}.Debug|Any CPU.Build.0 = Debug|Any CPU
		{664794DE-A457-4BB3-8E78-9226F3CBB7FC}.Release|Any CPU.ActiveCfg = Release|Any CPU
		{664794DE-A457-4BB3-8E78-9226F3CBB7FC}.Release|Any CPU.Build.0 = Release|Any CPU
		{2674388D-62B4-46E8-96AD-E1DF2CB32A49}.Debug|Any CPU.ActiveCfg = Debug|Any CPU
		{2674388D-62B4-46E8-96AD-E1DF2CB32A49}.Debug|Any CPU.Build.0 = Debug|Any CPU
		{2674388D-62B4-46E8-96AD-E1DF2CB32A49}.Release|Any CPU.ActiveCfg = Release|Any CPU
		{2674388D-62B4-46E8-96AD-E1DF2CB32A49}.Release|Any CPU.Build.0 = Release|Any CPU
		{DD4BFC87-A84C-4B71-9444-BB063AC3DE1F}.Debug|Any CPU.ActiveCfg = Debug|Any CPU
		{DD4BFC87-A84C-4B71-9444-BB063AC3DE1F}.Debug|Any CPU.Build.0 = Debug|Any CPU
		{DD4BFC87-A84C-4B71-9444-BB063AC3DE1F}.Release|Any CPU.ActiveCfg = Release|Any CPU
		{DD4BFC87-A84C-4B71-9444-BB063AC3DE1F}.Release|Any CPU.Build.0 = Release|Any CPU
		{8FDE12F3-77E7-413A-BCA8-6FDCBDE4696B}.Debug|Any CPU.ActiveCfg = Debug|Any CPU
		{8FDE12F3-77E7-413A-BCA8-6FDCBDE4696B}.Debug|Any CPU.Build.0 = Debug|Any CPU
		{8FDE12F3-77E7-413A-BCA8-6FDCBDE4696B}.Release|Any CPU.ActiveCfg = Release|Any CPU
		{8FDE12F3-77E7-413A-BCA8-6FDCBDE4696B}.Release|Any CPU.Build.0 = Release|Any CPU
		{FF576B41-754E-4F72-9FF3-9B0A2D6FD836}.Debug|Any CPU.ActiveCfg = Debug|Any CPU
		{FF576B41-754E-4F72-9FF3-9B0A2D6FD836}.Debug|Any CPU.Build.0 = Debug|Any CPU
		{FF576B41-754E-4F72-9FF3-9B0A2D6FD836}.Release|Any CPU.ActiveCfg = Release|Any CPU
		{FF576B41-754E-4F72-9FF3-9B0A2D6FD836}.Release|Any CPU.Build.0 = Release|Any CPU
	EndGlobalSection
	GlobalSection(SolutionProperties) = preSolution
		HideSolutionNode = FALSE
	EndGlobalSection
	GlobalSection(ExtensibilityGlobals) = postSolution
		SolutionGuid = {7EA3232C-9DC3-497E-9413-FBF30BDFD6A2}
	EndGlobalSection
EndGlobal
